
Microsoft Visual Studio Solution File, Format Version 9.00
# Visual Studio 2005
Project("{8BC9CEB8-8B4A-11D0-8D11-00A0C91BC942}") = "cSerialWrap", "cSerialWrap.vcproj", "{738F1B9C-4CB8-4BF9-BB91-FCA8A703DB97}"
EndProject
Global
	GlobalSection(SolutionConfigurationPlatforms) = preSolution
		Debug|Win32 = Debug|Win32
		Release|Win32 = Release|Win32
	EndGlobalSection
	GlobalSection(ProjectConfigurationPlatforms) = postSolution
		{738F1B9C-4CB8-4BF9-BB91-FCA8A703DB97}.Debug|Win32.ActiveCfg = Debug|Win32
		{738F1B9C-4CB8-4BF9-BB91-FCA8A703DB97}.Debug|Win32.Build.0 = Debug|Win32
		{738F1B9C-4CB8-4BF9-BB91-FCA8A703DB97}.Release|Win32.ActiveCfg = Release|Win32
		{738F1B9C-4CB8-4BF9-BB91-FCA8A703DB97}.Release|Win32.Build.0 = Release|Win32
	EndGlobalSection
	GlobalSection(SolutionProperties) = preSolution
		HideSolutionNode = FALSE
	EndGlobalSection
EndGlobal
